
Microsoft Visual Studio Solution File, Format Version 12.00
# Visual Studio Version 16
VisualStudioVersion = 16.0.31702.278
MinimumVisualStudioVersion = 10.0.40219.1
Project("{FAE04EC0-301F-11D3-BF4B-00C04F79EFBC}") = "solo_backend", "solo_backend\solo_backend.csproj", "{E501F835-A646-48DB-84CF-90282995A970}"
EndProject
Global
	GlobalSection(SolutionConfigurationPlatforms) = preSolution
		Debug|Any CPU = Debug|Any CPU
		Release|Any CPU = Release|Any CPU
	EndGlobalSection
	GlobalSection(ProjectConfigurationPlatforms) = postSolution
		{E501F835-A646-48DB-84CF-90282995A970}.Debug|Any CPU.ActiveCfg = Debug|Any CPU
		{E501F835-A646-48DB-84CF-90282995A970}.Debug|Any CPU.Build.0 = Debug|Any CPU
		{E501F835-A646-48DB-84CF-90282995A970}.Release|Any CPU.ActiveCfg = Release|Any CPU
		{E501F835-A646-48DB-84CF-90282995A970}.Release|Any CPU.Build.0 = Release|Any CPU
	EndGlobalSection
	GlobalSection(SolutionProperties) = preSolution
		HideSolutionNode = FALSE
	EndGlobalSection
	GlobalSection(ExtensibilityGlobals) = postSolution
		SolutionGuid = {BE3B89A9-78D0-41C3-B9E7-0C53A8BFE541}
	EndGlobalSection
EndGlobal
